
Microsoft Visual Studio Solution File, Format Version 12.00
# Visual Studio Version 17
VisualStudioVersion = 17.0.31903.59
MinimumVisualStudioVersion = 10.0.40219.1
Project("{2150E333-8FDC-42A3-9474-1A3956D46DE8}") = "src", "src", "{827E0CD3-B72D-47B6-A68D-7590B98EB39B}"
EndProject
Project("{FAE04EC0-301F-11D3-BF4B-00C04F79EFBC}") = "MedInsight.Api", "src\MedInsight.Api\MedInsight.Api.csproj", "{674218AD-87B9-43AD-81E2-27E511EB9B9A}"
EndProject
Project("{FAE04EC0-301F-11D3-BF4B-00C04F79EFBC}") = "MedInsight.Application", "src\MedInsight.Application\MedInsight.Application.csproj", "{EC0E1EBD-00CE-4A23-BE70-BF20B29F2628}"
EndProject
Project("{FAE04EC0-301F-11D3-BF4B-00C04F79EFBC}") = "MedInsight.Dicom", "src\MedInsight.Dicom\MedInsight.Dicom.csproj", "{28FCEB65-79B8-44B0-B768-0E70AF68D56B}"
EndProject
Project("{FAE04EC0-301F-11D3-BF4B-00C04F79EFBC}") = "MedInsight.Domain", "src\MedInsight.Domain\MedInsight.Domain.csproj", "{0C4D8540-B94B-4E32-BAC4-F476F2EB2438}"
EndProject
Project("{FAE04EC0-301F-11D3-BF4B-00C04F79EFBC}") = "MedInsight.Infrastructure", "src\MedInsight.Infrastructure\MedInsight.Infrastructure.csproj", "{11E842B3-C01E-4C5B-BD2E-832AEC0A6E87}"
EndProject
Project("{FAE04EC0-301F-11D3-BF4B-00C04F79EFBC}") = "MedInsight.AIOrchestration", "src\MedInsight.AIOrchestration\MedInsight.AIOrchestration.csproj", "{0211A934-C09B-4B3C-8FE9-BC69E6196433}"
EndProject
Project("{FAE04EC0-301F-11D3-BF4B-00C04F79EFBC}") = "MedInsight.TimelineService", "src\MedInsight.TimelineService\MedInsight.TimelineService.csproj", "{B2C75AEB-11F0-4094-B705-F52F76E752C5}"
EndProject
Project("{2150E333-8FDC-42A3-9474-1A3956D46DE8}") = "tests", "tests", "{0AB3BF05-4346-4AA6-1389-037BE0695223}"
EndProject
Project("{FAE04EC0-301F-11D3-BF4B-00C04F79EFBC}") = "MedInsight.Domain.Tests", "tests\MedInsight.Domain.Tests\MedInsight.Domain.Tests.csproj", "{AF2E0E09-A254-4654-AB5D-B20BDE5E3012}"
EndProject
Project("{FAE04EC0-301F-11D3-BF4B-00C04F79EFBC}") = "MedInsight.Application.Tests", "tests\MedInsight.Application.Tests\MedInsight.Application.Tests.csproj", "{719961A8-E223-45BD-BC5E-EBC2DB5DEF0D}"
EndProject
Project("{FAE04EC0-301F-11D3-BF4B-00C04F79EFBC}") = "MedInsight.AIOrchestration.Tests", "tests\MedInsight.AIOrchestration.Tests\MedInsight.AIOrchestration.Tests.csproj", "{3D1F3339-119D-4240-ACE4-26A823E7460B}"
EndProject
Global
	GlobalSection(SolutionConfigurationPlatforms) = preSolution
		Debug|Any CPU = Debug|Any CPU
		Debug|x64 = Debug|x64
		Debug|x86 = Debug|x86
		Release|Any CPU = Release|Any CPU
		Release|x64 = Release|x64
		Release|x86 = Release|x86
	EndGlobalSection
	GlobalSection(ProjectConfigurationPlatforms) = postSolution
		{674218AD-87B9-43AD-81E2-27E511EB9B9A}.Debug|Any CPU.ActiveCfg = Debug|Any CPU
		{674218AD-87B9-43AD-81E2-27E511EB9B9A}.Debug|Any CPU.Build.0 = Debug|Any CPU
		{674218AD-87B9-43AD-81E2-27E511EB9B9A}.Debug|x64.ActiveCfg = Debug|Any CPU
		{674218AD-87B9-43AD-81E2-27E511EB9B9A}.Debug|x64.Build.0 = Debug|Any CPU
		{674218AD-87B9-43AD-81E2-27E511EB9B9A}.Debug|x86.ActiveCfg = Debug|Any CPU
		{674218AD-87B9-43AD-81E2-27E511EB9B9A}.Debug|x86.Build.0 = Debug|Any CPU
		{674218AD-87B9-43AD-81E2-27E511EB9B9A}.Release|Any CPU.ActiveCfg = Release|Any CPU
		{674218AD-87B9-43AD-81E2-27E511EB9B9A}.Release|Any CPU.Build.0 = Release|Any CPU
		{674218AD-87B9-43AD-81E2-27E511EB9B9A}.Release|x64.ActiveCfg = Release|Any CPU
		{674218AD-87B9-43AD-81E2-27E511EB9B9A}.Release|x64.Build.0 = Release|Any CPU
		{674218AD-87B9-43AD-81E2-27E511EB9B9A}.Release|x86.ActiveCfg = Release|Any CPU
		{674218AD-87B9-43AD-81E2-27E511EB9B9A}.Release|x86.Build.0 = Release|Any CPU
		{EC0E1EBD-00CE-4A23-BE70-BF20B29F2628}.Debug|Any CPU.ActiveCfg = Debug|Any CPU
		{EC0E1EBD-00CE-4A23-BE70-BF20B29F2628}.Debug|Any CPU.Build.0 = Debug|Any CPU
		{EC0E1EBD-00CE-4A23-BE70-BF20B29F2628}.Debug|x64.ActiveCfg = Debug|Any CPU
		{EC0E1EBD-00CE-4A23-BE70-BF20B29F2628}.Debug|x64.Build.0 = Debug|Any CPU
		{EC0E1EBD-00CE-4A23-BE70-BF20B29F2628}.Debug|x86.ActiveCfg = Debug|Any CPU
		{EC0E1EBD-00CE-4A23-BE70-BF20B29F2628}.Debug|x86.Build.0 = Debug|Any CPU
		{EC0E1EBD-00CE-4A23-BE70-BF20B29F2628}.Release|Any CPU.ActiveCfg = Release|Any CPU
		{EC0E1EBD-00CE-4A23-BE70-BF20B29F2628}.Release|Any CPU.Build.0 = Release|Any CPU
		{EC0E1EBD-00CE-4A23-BE70-BF20B29F2628}.Release|x64.ActiveCfg = Release|Any CPU
		{EC0E1EBD-00CE-4A23-BE70-BF20B29F2628}.Release|x64.Build.0 = Release|Any CPU
		{EC0E1EBD-00CE-4A23-BE70-BF20B29F2628}.Release|x86.ActiveCfg = Release|Any CPU
		{EC0E1EBD-00CE-4A23-BE70-BF20B29F2628}.Release|x86.Build.0 = Release|Any CPU
		{28FCEB65-79B8-44B0-B768-0E70AF68D56B}.Debug|Any CPU.ActiveCfg = Debug|Any CPU
		{28FCEB65-79B8-44B0-B768-0E70AF68D56B}.Debug|Any CPU.Build.0 = Debug|Any CPU
		{28FCEB65-79B8-44B0-B768-0E70AF68D56B}.Debug|x64.ActiveCfg = Debug|Any CPU
		{28FCEB65-79B8-44B0-B768-0E70AF68D56B}.Debug|x64.Build.0 = Debug|Any CPU
		{28FCEB65-79B8-44B0-B768-0E70AF68D56B}.Debug|x86.ActiveCfg = Debug|Any CPU
		{28FCEB65-79B8-44B0-B768-0E70AF68D56B}.Debug|x86.Build.0 = Debug|Any CPU
		{28FCEB65-79B8-44B0-B768-0E70AF68D56B}.Release|Any CPU.ActiveCfg = Release|Any CPU
		{28FCEB65-79B8-44B0-B768-0E70AF68D56B}.Release|Any CPU.Build.0 = Release|Any CPU
		{28FCEB65-79B8-44B0-B768-0E70AF68D56B}.Release|x64.ActiveCfg = Release|Any CPU
		{28FCEB65-79B8-44B0-B768-0E70AF68D56B}.Release|x64.Build.0 = Release|Any CPU
		{28FCEB65-79B8-44B0-B768-0E70AF68D56B}.Release|x86.ActiveCfg = Release|Any CPU
		{28FCEB65-79B8-44B0-B768-0E70AF68D56B}.Release|x86.Build.0 = Release|Any CPU
		{0C4D8540-B94B-4E32-BAC4-F476F2EB2438}.Debug|Any CPU.ActiveCfg = Debug|Any CPU
		{0C4D8540-B94B-4E32-BAC4-F476F2EB2438}.Debug|Any CPU.Build.0 = Debug|Any CPU
		{0C4D8540-B94B-4E32-BAC4-F476F2EB2438}.Debug|x64.ActiveCfg = Debug|Any CPU
		{0C4D8540-B94B-4E32-BAC4-F476F2EB2438}.Debug|x64.Build.0 = Debug|Any CPU
		{0C4D8540-B94B-4E32-BAC4-F476F2EB2438}.Debug|x86.ActiveCfg = Debug|Any CPU
		{0C4D8540-B94B-4E32-BAC4-F476F2EB2438}.Debug|x86.Build.0 = Debug|Any CPU
		{0C4D8540-B94B-4E32-BAC4-F476F2EB2438}.Release|Any CPU.ActiveCfg = Release|Any CPU
		{0C4D8540-B94B-4E32-BAC4-F476F2EB2438}.Release|Any CPU.Build.0 = Release|Any CPU
		{0C4D8540-B94B-4E32-BAC4-F476F2EB2438}.Release|x64.ActiveCfg = Release|Any CPU
		{0C4D8540-B94B-4E32-BAC4-F476F2EB2438}.Release|x64.Build.0 = Release|Any CPU
		{0C4D8540-B94B-4E32-BAC4-F476F2EB2438}.Release|x86.ActiveCfg = Release|Any CPU
		{0C4D8540-B94B-4E32-BAC4-F476F2EB2438}.Release|x86.Build.0 = Release|Any CPU
		{11E842B3-C01E-4C5B-BD2E-832AEC0A6E87}.Debug|Any CPU.ActiveCfg = Debug|Any CPU
		{11E842B3-C01E-4C5B-BD2E-832AEC0A6E87}.Debug|Any CPU.Build.0 = Debug|Any CPU
		{11E842B3-C01E-4C5B-BD2E-832AEC0A6E87}.Debug|x64.ActiveCfg = Debug|Any CPU
		{11E842B3-C01E-4C5B-BD2E-832AEC0A6E87}.Debug|x64.Build.0 = Debug|Any CPU
		{11E842B3-C01E-4C5B-BD2E-832AEC0A6E87}.Debug|x86.ActiveCfg = Debug|Any CPU
		{11E842B3-C01E-4C5B-BD2E-832AEC0A6E87}.Debug|x86.Build.0 = Debug|Any CPU
		{11E842B3-C01E-4C5B-BD2E-832AEC0A6E87}.Release|Any CPU.ActiveCfg = Release|Any CPU
		{11E842B3-C01E-4C5B-BD2E-832AEC0A6E87}.Release|Any CPU.Build.0 = Release|Any CPU
		{11E842B3-C01E-4C5B-BD2E-832AEC0A6E87}.Release|x64.ActiveCfg = Release|Any CPU
		{11E842B3-C01E-4C5B-BD2E-832AEC0A6E87}.Release|x64.Build.0 = Release|Any CPU
		{11E842B3-C01E-4C5B-BD2E-832AEC0A6E87}.Release|x86.ActiveCfg = Release|Any CPU
		{11E842B3-C01E-4C5B-BD2E-832AEC0A6E87}.Release|x86.Build.0 = Release|Any CPU
		{0211A934-C09B-4B3C-8FE9-BC69E6196433}.Debug|Any CPU.ActiveCfg = Debug|Any CPU
		{0211A934-C09B-4B3C-8FE9-BC69E6196433}.Debug|Any CPU.Build.0 = Debug|Any CPU
		{0211A934-C09B-4B3C-8FE9-BC69E6196433}.Debug|x64.ActiveCfg = Debug|Any CPU
		{0211A934-C09B-4B3C-8FE9-BC69E6196433}.Debug|x64.Build.0 = Debug|Any CPU
		{0211A934-C09B-4B3C-8FE9-BC69E6196433}.Debug|x86.ActiveCfg = Debug|Any CPU
		{0211A934-C09B-4B3C-8FE9-BC69E6196433}.Debug|x86.Build.0 = Debug|Any CPU
		{0211A934-C09B-4B3C-8FE9-BC69E6196433}.Release|Any CPU.ActiveCfg = Release|Any CPU
		{0211A934-C09B-4B3C-8FE9-BC69E6196433}.Release|Any CPU.Build.0 = Release|Any CPU
		{0211A934-C09B-4B3C-8FE9-BC69E6196433}.Release|x64.ActiveCfg = Release|Any CPU
		{0211A934-C09B-4B3C-8FE9-BC69E6196433}.Release|x64.Build.0 = Release|Any CPU
		{0211A934-C09B-4B3C-8FE9-BC69E6196433}.Release|x86.ActiveCfg = Release|Any CPU
		{0211A934-C09B-4B3C-8FE9-BC69E6196433}.Release|x86.Build.0 = Release|Any CPU
		{B2C75AEB-11F0-4094-B705-F52F76E752C5}.Debug|Any CPU.ActiveCfg = Debug|Any CPU
		{B2C75AEB-11F0-4094-B705-F52F76E752C5}.Debug|Any CPU.Build.0 = Debug|Any CPU
		{B2C75AEB-11F0-4094-B705-F52F76E752C5}.Debug|x64.ActiveCfg = Debug|Any CPU
		{B2C75AEB-11F0-4094-B705-F52F76E752C5}.Debug|x64.Build.0 = Debug|Any CPU
		{B2C75AEB-11F0-4094-B705-F52F76E752C5}.Debug|x86.ActiveCfg = Debug|Any CPU
		{B2C75AEB-11F0-4094-B705-F52F76E752C5}.Debug|x86.Build.0 = Debug|Any CPU
		{B2C75AEB-11F0-4094-B705-F52F76E752C5}.Release|Any CPU.ActiveCfg = Release|Any CPU
		{B2C75AEB-11F0-4094-B705-F52F76E752C5}.Release|Any CPU.Build.0 = Release|Any CPU
		{B2C75AEB-11F0-4094-B705-F52F76E752C5}.Release|x64.ActiveCfg = Release|Any CPU
		{B2C75AEB-11F0-4094-B705-F52F76E752C5}.Release|x64.Build.0 = Release|Any CPU
		{B2C75AEB-11F0-4094-B705-F52F76E752C5}.Release|x86.ActiveCfg = Release|Any CPU
		{B2C75AEB-11F0-4094-B705-F52F76E752C5}.Release|x86.Build.0 = Release|Any CPU
		{AF2E0E09-A254-4654-AB5D-B20BDE5E3012}.Debug|Any CPU.ActiveCfg = Debug|Any CPU
		{AF2E0E09-A254-4654-AB5D-B20BDE5E3012}.Debug|Any CPU.Build.0 = Debug|Any CPU
		{AF2E0E09-A254-4654-AB5D-B20BDE5E3012}.Debug|x64.ActiveCfg = Debug|Any CPU
		{AF2E0E09-A254-4654-AB5D-B20BDE5E3012}.Debug|x64.Build.0 = Debug|Any CPU
		{AF2E0E09-A254-4654-AB5D-B20BDE5E3012}.Debug|x86.ActiveCfg = Debug|Any CPU
		{AF2E0E09-A254-4654-AB5D-B20BDE5E3012}.Debug|x86.Build.0 = Debug|Any CPU
		{AF2E0E09-A254-4654-AB5D-B20BDE5E3012}.Release|Any CPU.ActiveCfg = Release|Any CPU
		{AF2E0E09-A254-4654-AB5D-B20BDE5E3012}.Release|Any CPU.Build.0 = Release|Any CPU
		{AF2E0E09-A254-4654-AB5D-B20BDE5E3012}.Release|x64.ActiveCfg = Release|Any CPU
		{AF2E0E09-A254-4654-AB5D-B20BDE5E3012}.Release|x64.Build.0 = Release|Any CPU
		{AF2E0E09-A254-4654-AB5D-B20BDE5E3012}.Release|x86.ActiveCfg = Release|Any CPU
		{AF2E0E09-A254-4654-AB5D-B20BDE5E3012}.Release|x86.Build.0 = Release|Any CPU
		{719961A8-E223-45BD-BC5E-EBC2DB5DEF0D}.Debug|Any CPU.ActiveCfg = Debug|Any CPU
		{719961A8-E223-45BD-BC5E-EBC2DB5DEF0D}.Debug|Any CPU.Build.0 = Debug|Any CPU
		{719961A8-E223-45BD-BC5E-EBC2DB5DEF0D}.Debug|x64.ActiveCfg = Debug|Any CPU
		{719961A8-E223-45BD-BC5E-EBC2DB5DEF0D}.Debug|x64.Build.0 = Debug|Any CPU
		{719961A8-E223-45BD-BC5E-EBC2DB5DEF0D}.Debug|x86.ActiveCfg = Debug|Any CPU
		{719961A8-E223-45BD-BC5E-EBC2DB5DEF0D}.Debug|x86.Build.0 = Debug|Any CPU
		{719961A8-E223-45BD-BC5E-EBC2DB5DEF0D}.Release|Any CPU.ActiveCfg = Release|Any CPU
		{719961A8-E223-45BD-BC5E-EBC2DB5DEF0D}.Release|Any CPU.Build.0 = Release|Any CPU
		{719961A8-E223-45BD-BC5E-EBC2DB5DEF0D}.Release|x64.ActiveCfg = Release|Any CPU
		{719961A8-E223-45BD-BC5E-EBC2DB5DEF0D}.Release|x64.Build.0 = Release|Any CPU
		{719961A8-E223-45BD-BC5E-EBC2DB5DEF0D}.Release|x86.ActiveCfg = Release|Any CPU
		{719961A8-E223-45BD-BC5E-EBC2DB5DEF0D}.Release|x86.Build.0 = Release|Any CPU
		{3D1F3339-119D-4240-ACE4-26A823E7460B}.Debug|Any CPU.ActiveCfg = Debug|Any CPU
		{3D1F3339-119D-4240-ACE4-26A823E7460B}.Debug|Any CPU.Build.0 = Debug|Any CPU
		{3D1F3339-119D-4240-ACE4-26A823E7460B}.Debug|x64.ActiveCfg = Debug|Any CPU
		{3D1F3339-119D-4240-ACE4-26A823E7460B}.Debug|x64.Build.0 = Debug|Any CPU
		{3D1F3339-119D-4240-ACE4-26A823E7460B}.Debug|x86.ActiveCfg = Debug|Any CPU
		{3D1F3339-119D-4240-ACE4-26A823E7460B}.Debug|x86.Build.0 = Debug|Any CPU
		{3D1F3339-119D-4240-ACE4-26A823E7460B}.Release|Any CPU.ActiveCfg = Release|Any CPU
		{3D1F3339-119D-4240-ACE4-26A823E7460B}.Release|Any CPU.Build.0 = Release|Any CPU
		{3D1F3339-119D-4240-ACE4-26A823E7460B}.Release|x64.ActiveCfg = Release|Any CPU
		{3D1F3339-119D-4240-ACE4-26A823E7460B}.Release|x64.Build.0 = Release|Any CPU
		{3D1F3339-119D-4240-ACE4-26A823E7460B}.Release|x86.ActiveCfg = Release|Any CPU
		{3D1F3339-119D-4240-ACE4-26A823E7460B}.Release|x86.Build.0 = Release|Any CPU
	EndGlobalSection
	GlobalSection(SolutionProperties) = preSolution
		HideSolutionNode = FALSE
	EndGlobalSection
	GlobalSection(NestedProjects) = preSolution
		{674218AD-87B9-43AD-81E2-27E511EB9B9A} = {827E0CD3-B72D-47B6-A68D-7590B98EB39B}
		{EC0E1EBD-00CE-4A23-BE70-BF20B29F2628} = {827E0CD3-B72D-47B6-A68D-7590B98EB39B}
		{28FCEB65-79B8-44B0-B768-0E70AF68D56B} = {827E0CD3-B72D-47B6-A68D-7590B98EB39B}
		{0C4D8540-B94B-4E32-BAC4-F476F2EB2438} = {827E0CD3-B72D-47B6-A68D-7590B98EB39B}
		{11E842B3-C01E-4C5B-BD2E-832AEC0A6E87} = {827E0CD3-B72D-47B6-A68D-7590B98EB39B}
		{0211A934-C09B-4B3C-8FE9-BC69E6196433} = {827E0CD3-B72D-47B6-A68D-7590B98EB39B}
		{B2C75AEB-11F0-4094-B705-F52F76E752C5} = {827E0CD3-B72D-47B6-A68D-7590B98EB39B}
		{AF2E0E09-A254-4654-AB5D-B20BDE5E3012} = {0AB3BF05-4346-4AA6-1389-037BE0695223}
		{719961A8-E223-45BD-BC5E-EBC2DB5DEF0D} = {0AB3BF05-4346-4AA6-1389-037BE0695223}
		{3D1F3339-119D-4240-ACE4-26A823E7460B} = {0AB3BF05-4346-4AA6-1389-037BE0695223}
	EndGlobalSection
EndGlobal
